{
  "nodes": {
    "flake-compat": {
      "flake": false,
      "locked": {
        "lastModified": 1767039857,
        "narHash": "sha256-vNpUSpF5Nuw8xvDLj2KCwwksIbjua2LZCqhV1LNRDns=",
        "owner": "NixOS",
        "repo": "flake-compat",
        "rev": "5edf11c44bc78a0d334f6334cdaf7d60d732daab",
        "type": "github"
      },
      "original": {
        "owner": "NixOS",
        "repo": "flake-compat",
        "type": "github"
      }
    },
    "git-hooks": {
      "inputs": {
        "flake-compat": "flake-compat",
        "nixpkgs": [
          "workspace",
          "nixpkgs"
        ]
      },
      "locked": {
        "lastModified": 1784288435,
        "narHash": "sha256-ReRHaLgr/uVqdD8afFSn+myXIfpHeOhP0yYe0TJqAA8=",
        "owner": "cachix",
        "repo": "git-hooks.nix",
        "rev": "43b3c1ab9d40fb1dbb008f451988a91e375825e9",
        "type": "github"
      },
      "original": {
        "owner": "cachix",
        "repo": "git-hooks.nix",
        "type": "github"
      }
    },
    "home-manager": {
      "locked": {
        "path": "./stubs/absent",
        "type": "path"
      },
      "original": {
        "path": "./stubs/absent",
        "type": "path"
      },
      "parent": [
        "workspace"
      ]
    },
    "nix-darwin": {
      "locked": {
        "path": "./stubs/absent",
        "type": "path"
      },
      "original": {
        "path": "./stubs/absent",
        "type": "path"
      },
      "parent": [
        "workspace"
      ]
    },
    "nixpkgs": {
      "locked": {
        "lastModified": 1787341545,
        "narHash": "sha256-h6XO1gvoBIIqGlOUS5wF+7TytwWIeCXweN+zD9daw+w=",
        "owner": "NixOS",
        "repo": "nixpkgs",
        "rev": "829a97a6a8db3f9c3db9319ca66f2a0ee19651b8",
        "type": "github"
      },
      "original": {
        "owner": "NixOS",
        "repo": "nixpkgs",
        "type": "github"
      }
    },
    "root": {
      "inputs": {
        "rust": "rust",
        "workspace": "workspace"
      }
    },
    "rust": {
      "inputs": {
        "workspace": [
          "workspace"
        ]
      },
      "locked": {
        "dir": "modules/rust",
        "lastModified": 1787501858,
        "narHash": "sha256-dfXYI2S9HNN0A3T8UhhPQdxlwOJOdd7QYufHhFcoFOU=",
        "ref": "refs/heads/main",
        "rev": "bb39a75bc7c9deec6fb45ed82a8a393d7448d899",
        "revCount": 87,
        "type": "git",
        "url": "https://tangled.org/overby.me/nix-workspace"
      },
      "original": {
        "dir": "modules/rust",
        "type": "git",
        "url": "https://tangled.org/overby.me/nix-workspace"
      }
    },
    "system-manager": {
      "locked": {
        "path": "./stubs/absent",
        "type": "path"
      },
      "original": {
        "path": "./stubs/absent",
        "type": "path"
      },
      "parent": [
        "workspace"
      ]
    },
    "workspace": {
      "inputs": {
        "git-hooks": "git-hooks",
        "home-manager": "home-manager",
        "nix-darwin": "nix-darwin",
        "nixpkgs": "nixpkgs",
        "system-manager": "system-manager"
      },
      "locked": {
        "lastModified": 1787501858,
        "narHash": "sha256-dfXYI2S9HNN0A3T8UhhPQdxlwOJOdd7QYufHhFcoFOU=",
        "ref": "refs/heads/main",
        "rev": "bb39a75bc7c9deec6fb45ed82a8a393d7448d899",
        "revCount": 87,
        "type": "git",
        "url": "https://tangled.org/overby.me/nix-workspace"
      },
      "original": {
        "type": "git",
        "url": "https://tangled.org/overby.me/nix-workspace"
      }
    }
  },
  "root": "root",
  "version": 7
}
